PODS:
  - AlecrimCoreData (3.0-beta.6)
  - MagicalRecord (2.3.0-beta.5):
    - MagicalRecord/Core (= 2.3.0-beta.5)
  - MagicalRecord/Core (2.3.0-beta.5)
  - NSDate-Extensions (0.0.1)

DEPENDENCIES:
  - AlecrimCoreData (~> 3.0-beta.6)
  - MagicalRecord (from `https://github.com/magicalpanda/MagicalRecord.git`, branch
    `develop`)
  - NSDate-Extensions (~> 0.0.1)

EXTERNAL SOURCES:
  MagicalRecord:
    :branch: develop
    :git: https://github.com/magicalpanda/MagicalRecord.git

CHECKOUT OPTIONS:
  MagicalRecord:
    :commit: 11e1dcdeb78261ae6b02304707d5220dc0cf95e8
    :git: https://github.com/magicalpanda/MagicalRecord.git

SPEC CHECKSUMS:
  AlecrimCoreData: c7129f12baa0a4f0d95e3b66a7519adb99a45edb
  MagicalRecord: 32760b04d86a961b38fb29413780443212a1f62d
  NSDate-Extensions: cbd68ecf5cf8a150644e184b4521d7734fea5ace

COCOAPODS: 0.36.4
