PODS:
  - AFNetworking (2.5.2):
    - AFNetworking/NSURLConnection (= 2.5.2)
    - AFNetworking/NSURLSession (= 2.5.2)
    - AFNetworking/Reachability (= 2.5.2)
    - AFNetworking/Security (= 2.5.2)
    - AFNetworking/Serialization (= 2.5.2)
    - AFNetworking/UIKit (= 2.5.2)
  - AFNetworking/NSURLConnection (2.5.2):
    - AFNetworking/Reachability
    - AFNetworking/Security
    - AFNetworking/Serialization
  - AFNetworking/NSURLSession (2.5.2):
    - AFNetworking/Reachability
    - AFNetworking/Security
    - AFNetworking/Serialization
  - AFNetworking/Reachability (2.5.2)
  - AFNetworking/Security (2.5.2)
  - AFNetworking/Serialization (2.5.2)
  - AFNetworking/UIKit (2.5.2):
    - AFNetworking/NSURLConnection
    - AFNetworking/NSURLSession
  - MagicalRecord (2.3.0-beta.5):
    - MagicalRecord/Core (= 2.3.0-beta.5)
  - MagicalRecord/Core (2.3.0-beta.5)
  - NSDate-Extensions (0.0.1)

DEPENDENCIES:
  - AFNetworking
  - MagicalRecord (from `https://github.com/magicalpanda/MagicalRecord.git`, branch
    `develop`)
  - NSDate-Extensions (~> 0.0.1)

EXTERNAL SOURCES:
  MagicalRecord:
    :branch: develop
    :git: https://github.com/magicalpanda/MagicalRecord.git

CHECKOUT OPTIONS:
  MagicalRecord:
    :commit: 568c948428311559921dc59bf414138e3d376701
    :git: https://github.com/magicalpanda/MagicalRecord.git

SPEC CHECKSUMS:
  AFNetworking: fefbce9660acb17f48ae0011292d4da0f457bf36
  MagicalRecord: 32760b04d86a961b38fb29413780443212a1f62d
  NSDate-Extensions: cbd68ecf5cf8a150644e184b4521d7734fea5ace

COCOAPODS: 0.36.1
